
Microsoft Visual Studio Solution File, Format Version 12.00
# Visual Studio Version 17
VisualStudioVersion = 17.0.31903.59
MinimumVisualStudioVersion = 10.0.40219.1
Project("{FAE04EC0-301F-11D3-BF4B-00C04F79EFBC}") = "NotesApp.Mobile", "NotesApp.Mobile\NotesApp.Mobile.csproj", "{5FAFEBF6-85F4-4C15-BA49-618E50B0DDA5}"
EndProject
Project("{FAE04EC0-301F-11D3-BF4B-00C04F79EFBC}") = "NotesApp.API", "NotesApp.API\NotesApp.API.csproj", "{F7FE2F83-C7E3-438A-B400-873C8C264378}"
EndProject
Project("{FAE04EC0-301F-11D3-BF4B-00C04F79EFBC}") = "NotesApp.Shared", "NotesApp.Shared\NotesApp.Shared.csproj", "{5122F532-C342-48BC-9202-9EF310A11705}"
EndProject
Global
	GlobalSection(SolutionConfigurationPlatforms) = preSolution
		Debug|Any CPU = Debug|Any CPU
		Release|Any CPU = Release|Any CPU
	EndGlobalSection
	GlobalSection(SolutionProperties) = preSolution
		HideSolutionNode = FALSE
	EndGlobalSection
	GlobalSection(ProjectConfigurationPlatforms) = postSolution
		{5FAFEBF6-85F4-4C15-BA49-618E50B0DDA5}.Debug|Any CPU.ActiveCfg = Debug|Any CPU
		{5FAFEBF6-85F4-4C15-BA49-618E50B0DDA5}.Debug|Any CPU.Build.0 = Debug|Any CPU
		{5FAFEBF6-85F4-4C15-BA49-618E50B0DDA5}.Release|Any CPU.ActiveCfg = Release|Any CPU
		{5FAFEBF6-85F4-4C15-BA49-618E50B0DDA5}.Release|Any CPU.Build.0 = Release|Any CPU
		{F7FE2F83-C7E3-438A-B400-873C8C264378}.Debug|Any CPU.ActiveCfg = Debug|Any CPU
		{F7FE2F83-C7E3-438A-B400-873C8C264378}.Debug|Any CPU.Build.0 = Debug|Any CPU
		{F7FE2F83-C7E3-438A-B400-873C8C264378}.Release|Any CPU.ActiveCfg = Release|Any CPU
		{F7FE2F83-C7E3-438A-B400-873C8C264378}.Release|Any CPU.Build.0 = Release|Any CPU
		{5122F532-C342-48BC-9202-9EF310A11705}.Debug|Any CPU.ActiveCfg = Debug|Any CPU
		{5122F532-C342-48BC-9202-9EF310A11705}.Debug|Any CPU.Build.0 = Debug|Any CPU
		{5122F532-C342-48BC-9202-9EF310A11705}.Release|Any CPU.ActiveCfg = Release|Any CPU
		{5122F532-C342-48BC-9202-9EF310A11705}.Release|Any CPU.Build.0 = Release|Any CPU
	EndGlobalSection
EndGlobal
